
Microsoft Visual Studio Solution File, Format Version 12.00
# Visual Studio Version 17
VisualStudioVersion = 17.5.33516.290
MinimumVisualStudioVersion = 10.0.40219.1
Project("{9A19103F-16F7-4668-BE54-9A1E7A4F7556}") = "View", "View.csproj", "{58484DA4-5FA3-4F48-B9E1-726DE46DAAA3}"
EndProject
Project("{9A19103F-16F7-4668-BE54-9A1E7A4F7556}") = "ViewModel", "..\ViewModel\ViewModel.csproj", "{785E79BF-3C82-4ED8-B935-3DAE032C3C76}"
EndProject
Project("{9A19103F-16F7-4668-BE54-9A1E7A4F7556}") = "Model", "..\Model\Model.csproj", "{D0597128-89A8-4104-931B-0EC71F34FE3A}"
EndProject
Project("{2150E333-8FDC-42A3-9474-1A3956D46DE8}") = "Presentation", "Presentation", "{5A6AF5A8-779B-481A-8119-50AF118824B7}"
EndProject
Project("{9A19103F-16F7-4668-BE54-9A1E7A4F7556}") = "Data", "..\Data\Data.csproj", "{9203649D-EE08-4E4A-88BC-93A6E511B3E1}"
EndProject
Project("{9A19103F-16F7-4668-BE54-9A1E7A4F7556}") = "Logic", "..\Logic\Logic.csproj", "{99021996-0EC7-4E58-B4B5-C3770B943B0E}"
EndProject
Project("{FAE04EC0-301F-11D3-BF4B-00C04F79EFBC}") = "Tests", "..\Tests\Tests.csproj", "{D3447B9E-4DA7-4717-B53E-115B703A9FC4}"
EndProject
Global
	GlobalSection(SolutionConfigurationPlatforms) = preSolution
		Debug|Any CPU = Debug|Any CPU
		Release|Any CPU = Release|Any CPU
	EndGlobalSection
	GlobalSection(ProjectConfigurationPlatforms) = postSolution
		{58484DA4-5FA3-4F48-B9E1-726DE46DAAA3}.Debug|Any CPU.ActiveCfg = Debug|Any CPU
		{58484DA4-5FA3-4F48-B9E1-726DE46DAAA3}.Debug|Any CPU.Build.0 = Debug|Any CPU
		{58484DA4-5FA3-4F48-B9E1-726DE46DAAA3}.Release|Any CPU.ActiveCfg = Release|Any CPU
		{58484DA4-5FA3-4F48-B9E1-726DE46DAAA3}.Release|Any CPU.Build.0 = Release|Any CPU
		{785E79BF-3C82-4ED8-B935-3DAE032C3C76}.Debug|Any CPU.ActiveCfg = Debug|Any CPU
		{785E79BF-3C82-4ED8-B935-3DAE032C3C76}.Debug|Any CPU.Build.0 = Debug|Any CPU
		{785E79BF-3C82-4ED8-B935-3DAE032C3C76}.Release|Any CPU.ActiveCfg = Release|Any CPU
		{785E79BF-3C82-4ED8-B935-3DAE032C3C76}.Release|Any CPU.Build.0 = Release|Any CPU
		{D0597128-89A8-4104-931B-0EC71F34FE3A}.Debug|Any CPU.ActiveCfg = Debug|Any CPU
		{D0597128-89A8-4104-931B-0EC71F34FE3A}.Debug|Any CPU.Build.0 = Debug|Any CPU
		{D0597128-89A8-4104-931B-0EC71F34FE3A}.Release|Any CPU.ActiveCfg = Release|Any CPU
		{D0597128-89A8-4104-931B-0EC71F34FE3A}.Release|Any CPU.Build.0 = Release|Any CPU
		{9203649D-EE08-4E4A-88BC-93A6E511B3E1}.Debug|Any CPU.ActiveCfg = Debug|Any CPU
		{9203649D-EE08-4E4A-88BC-93A6E511B3E1}.Debug|Any CPU.Build.0 = Debug|Any CPU
		{9203649D-EE08-4E4A-88BC-93A6E511B3E1}.Release|Any CPU.ActiveCfg = Release|Any CPU
		{9203649D-EE08-4E4A-88BC-93A6E511B3E1}.Release|Any CPU.Build.0 = Release|Any CPU
		{99021996-0EC7-4E58-B4B5-C3770B943B0E}.Debug|Any CPU.ActiveCfg = Debug|Any CPU
		{99021996-0EC7-4E58-B4B5-C3770B943B0E}.Debug|Any CPU.Build.0 = Debug|Any CPU
		{99021996-0EC7-4E58-B4B5-C3770B943B0E}.Release|Any CPU.ActiveCfg = Release|Any CPU
		{99021996-0EC7-4E58-B4B5-C3770B943B0E}.Release|Any CPU.Build.0 = Release|Any CPU
		{D3447B9E-4DA7-4717-B53E-115B703A9FC4}.Debug|Any CPU.ActiveCfg = Debug|Any CPU
		{D3447B9E-4DA7-4717-B53E-115B703A9FC4}.Debug|Any CPU.Build.0 = Debug|Any CPU
		{D3447B9E-4DA7-4717-B53E-115B703A9FC4}.Release|Any CPU.ActiveCfg = Release|Any CPU
		{D3447B9E-4DA7-4717-B53E-115B703A9FC4}.Release|Any CPU.Build.0 = Release|Any CPU
	EndGlobalSection
	GlobalSection(SolutionProperties) = preSolution
		HideSolutionNode = FALSE
	EndGlobalSection
	GlobalSection(NestedProjects) = preSolution
		{58484DA4-5FA3-4F48-B9E1-726DE46DAAA3} = {5A6AF5A8-779B-481A-8119-50AF118824B7}
		{785E79BF-3C82-4ED8-B935-3DAE032C3C76} = {5A6AF5A8-779B-481A-8119-50AF118824B7}
		{D0597128-89A8-4104-931B-0EC71F34FE3A} = {5A6AF5A8-779B-481A-8119-50AF118824B7}
	EndGlobalSection
	GlobalSection(ExtensibilityGlobals) = postSolution
		SolutionGuid = {460E3302-C0A2-4E07-AB3C-BA21494C8887}
	EndGlobalSection
EndGlobal
